// !$*UTF8*$!
{
	archiveVersion = 1;
	classes = {
	};
	objectVersion = 51;
	objects = {

/* Begin PBXBuildFile section */
		8CDCFE18352F378DF330D3C3 /* Pods_alamofireTutorial_iOS.framework in Frameworks */ = {isa = PBXBuildFile; fileRef = 6D6D8F5A4F2F0F8C3C50C7C0 /* Pods_alamofireTutorial_iOS.framework */; };
		F85FCA5625CFA41600850838 /* AppDelegate.swift in Sources */ = {isa = PBXBuildFile; fileRef = F85FCA5525CFA41600850838 /* AppDelegate.swift */; };
		F85FCA5825CFA41600850838 /* SceneDelegate.swift in Sources */ = {isa = PBXBuildFile; fileRef = F85FCA5725CFA41600850838 /* SceneDelegate.swift */; };
		F85FCA5A25CFA41600850838 /* ViewController.swift in Sources */ = {isa = PBXBuildFile; fileRef = F85FCA5925CFA41600850838 /* ViewController.swift */; };
		F85FCA5D25CFA41600850838 /* Main.storyboard in Resources */ = {isa = PBXBuildFile; fileRef = F85FCA5B25CFA41600850838 /* Main.storyboard */; };
		F85FCA5F25CFA41600850838 /* Assets.xcassets in Resources */ = {isa = PBXBuildFile; fileRef = F85FCA5E25CFA41600850838 /* Assets.xcassets */; };
		F85FCA6225CFA41600850838 /* LaunchScreen.storyboard in Resources */ = {isa = PBXBuildFile; fileRef = F85FCA6025CFA41600850838 /* LaunchScreen.storyboard */; };
		F8FBEA4125CFF2DC00FD466D /* Contact.swift in Sources */ = {isa = PBXBuildFile; fileRef = F8FBEA4025CFF2DC00FD466D /* Contact.swift */; };
		F8FBEA4425CFF2E400FD466D /* CustomCell.swift in Sources */ = {isa = PBXBuildFile; fileRef = F8FBEA4325CFF2E400FD466D /* CustomCell.swift */; };
		F8FBEA4725CFFA3F00FD466D /* CustomCell.xib in Resources */ = {isa = PBXBuildFile; fileRef = F8FBEA4625CFFA3F00FD466D /* CustomCell.xib */; };
/* End PBXBuildFile section */

/* Begin PBXFileReference section */
		264DAE4336B9C5AF094E2B41 /* Pods-alamofireTutorial-iOS.release.xcconfig */ = {isa = PBXFileReference; includeInIndex = 1; lastKnownFileType = text.xcconfig; name = "Pods-alamofireTutorial-iOS.release.xcconfig"; path = "Target Support Files/Pods-alamofireTutorial-iOS/Pods-alamofireTutorial-iOS.release.xcconfig"; sourceTree = "<group>"; };
		6D6D8F5A4F2F0F8C3C50C7C0 /* Pods_alamofireTutorial_iOS.framework */ = {isa = PBXFileReference; explicitFileType = wrapper.framework; includeInIndex = 0; path = Pods_alamofireTutorial_iOS.framework; sourceTree = BUILT_PRODUCTS_DIR; };
		A84AF109E88D2A69D9C61F0B /* Pods-alamofireTutorial-iOS.debug.xcconfig */ = {isa = PBXFileReference; includeInIndex = 1; lastKnownFileType = text.xcconfig; name = "Pods-alamofireTutorial-iOS.debug.xcconfig"; path = "Target Support Files/Pods-alamofireTutorial-iOS/Pods-alamofireTutorial-iOS.debug.xcconfig"; sourceTree = "<group>"; };
		F85FCA5225CFA41600850838 /* alamofireTutorial-iOS.app */ = {isa = PBXFileReference; explicitFileType = wrapper.application; includeInIndex = 0; path = "alamofireTutorial-iOS.app"; sourceTree = BUILT_PRODUCTS_DIR; };
		F85FCA5525CFA41600850838 /* AppDelegate.swift */ = {isa = PBXFileReference; lastKnownFileType = sourcecode.swift; path = AppDelegate.swift; sourceTree = "<group>"; };
		F85FCA5725CFA41600850838 /* SceneDelegate.swift */ = {isa = PBXFileReference; lastKnownFileType = sourcecode.swift; path = SceneDelegate.swift; sourceTree = "<group>"; };
		F85FCA5925CFA41600850838 /* ViewController.swift */ = {isa = PBXFileReference; lastKnownFileType = sourcecode.swift; path = ViewController.swift; sourceTree = "<group>"; };
		F85FCA5C25CFA41600850838 /* Base */ = {isa = PBXFileReference; lastKnownFileType = file.storyboard; name = Base; path = Base.lproj/Main.storyboard; sourceTree = "<group>"; };
		F85FCA5E25CFA41600850838 /* Assets.xcassets */ = {isa = PBXFileReference; lastKnownFileType = folder.assetcatalog; path = Assets.xcassets; sourceTree = "<group>"; };
		F85FCA6125CFA41600850838 /* Base */ = {isa = PBXFileReference; lastKnownFileType = file.storyboard; name = Base; path = Base.lproj/LaunchScreen.storyboard; sourceTree = "<group>"; };
		F85FCA6325CFA41600850838 /* Info.plist */ = {isa = PBXFileReference; lastKnownFileType = text.plist.xml; path = Info.plist; sourceTree = "<group>"; };
		F8FBEA4025CFF2DC00FD466D /* Contact.swift */ = {isa = PBXFileReference; lastKnownFileType = sourcecode.swift; path = Contact.swift; sourceTree = "<group>"; };
		F8FBEA4325CFF2E400FD466D /* CustomCell.swift */ = {isa = PBXFileReference; lastKnownFileType = sourcecode.swift; path = CustomCell.swift; sourceTree = "<group>"; };
		F8FBEA4625CFFA3F00FD466D /* CustomCell.xib */ = {isa = PBXFileReference; lastKnownFileType = file.xib; path = CustomCell.xib; sourceTree = "<group>"; };
/* End PBXFileReference section */

/* Begin PBXFrameworksBuildPhase section */
		F85FCA4F25CFA41600850838 /* Frameworks */ = {
			isa = PBXFrameworksBuildPhase;
			buildActionMask = 2147483647;
			files = (
				8CDCFE18352F378DF330D3C3 /* Pods_alamofireTutorial_iOS.framework in Frameworks */,
			);
			runOnlyForDeploymentPostprocessing = 0;
		};
/* End PBXFrameworksBuildPhase section */

/* Begin PBXGroup section */
		B58DAF5432E4537A688B9AF2 /* Pods */ = {
			isa = PBXGroup;
			children = (
				A84AF109E88D2A69D9C61F0B /* Pods-alamofireTutorial-iOS.debug.xcconfig */,
				264DAE4336B9C5AF094E2B41 /* Pods-alamofireTutorial-iOS.release.xcconfig */,
			);
			path = Pods;
			sourceTree = "<group>";
		};
		D82BB70A5AC5C73D42B90742 /* Frameworks */ = {
			isa = PBXGroup;
			children = (
				6D6D8F5A4F2F0F8C3C50C7C0 /* Pods_alamofireTutorial_iOS.framework */,
			);
			name = Frameworks;
			sourceTree = "<group>";
		};
		F85FCA4925CFA41600850838 = {
			isa = PBXGroup;
			children = (
				F85FCA5425CFA41600850838 /* alamofireTutorial-iOS */,
				F85FCA5325CFA41600850838 /* Products */,
				B58DAF5432E4537A688B9AF2 /* Pods */,
				D82BB70A5AC5C73D42B90742 /* Frameworks */,
			);
			sourceTree = "<group>";
		};
		F85FCA5325CFA41600850838 /* Products */ = {
			isa = PBXGroup;
			children = (
				F85FCA5225CFA41600850838 /* alamofireTutorial-iOS.app */,
			);
			name = Products;
			sourceTree = "<group>";
		};
		F85FCA5425CFA41600850838 /* alamofireTutorial-iOS */ = {
			isa = PBXGroup;
			children = (
				F85FCA5525CFA41600850838 /* AppDelegate.swift */,
				F85FCA5725CFA41600850838 /* SceneDelegate.swift */,
				F85FCA5925CFA41600850838 /* ViewController.swift */,
				F85FCA5B25CFA41600850838 /* Main.storyboard */,
				F8FBEA4625CFFA3F00FD466D /* CustomCell.xib */,
				F85FCA5E25CFA41600850838 /* Assets.xcassets */,
				F85FCA6025CFA41600850838 /* LaunchScreen.storyboard */,
				F85FCA6325CFA41600850838 /* Info.plist */,
				F8FBEA4025CFF2DC00FD466D /* Contact.swift */,
				F8FBEA4325CFF2E400FD466D /* CustomCell.swift */,
			);
			path = "alamofireTutorial-iOS";
			sourceTree = "<group>";
		};
/* End PBXGroup section */

/* Begin PBXNativeTarget section */
		F85FCA5125CFA41600850838 /* alamofireTutorial-iOS */ = {
			isa = PBXNativeTarget;
			buildConfigurationList = F85FCA6625CFA41600850838 /* Build configuration list for PBXNativeTarget "alamofireTutorial-iOS" */;
			buildPhases = (
				6212C9098A9B1A7042E17E5F /* [CP] Check Pods Manifest.lock */,
				F85FCA4E25CFA41600850838 /* Sources */,
				F85FCA4F25CFA41600850838 /* Frameworks */,
				F85FCA5025CFA41600850838 /* Resources */,
				21DCB0DD0776770886B08361 /* [CP] Embed Pods Frameworks */,
			);
			buildRules = (
			);
			dependencies = (
			);
			name = "alamofireTutorial-iOS";
			productName = "alamofireTutorial-iOS";
			productReference = F85FCA5225CFA41600850838 /* alamofireTutorial-iOS.app */;
			productType = "com.apple.product-type.application";
		};
/* End PBXNativeTarget section */

/* Begin PBXProject section */
		F85FCA4A25CFA41600850838 /* Project object */ = {
			isa = PBXProject;
			attributes = {
				LastSwiftUpdateCheck = 1240;
				LastUpgradeCheck = 1240;
				TargetAttributes = {
					F85FCA5125CFA41600850838 = {
						CreatedOnToolsVersion = 12.4;
					};
				};
			};
			buildConfigurationList = F85FCA4D25CFA41600850838 /* Build configuration list for PBXProject "alamofireTutorial-iOS" */;
			compatibilityVersion = "Xcode 9.3";
			developmentRegion = en;
			hasScannedForEncodings = 0;
			knownRegions = (
				en,
				Base,
			);
			mainGroup = F85FCA4925CFA41600850838;
			productRefGroup = F85FCA5325CFA41600850838 /* Products */;
			projectDirPath = "";
			projectRoot = "";
			targets = (
				F85FCA5125CFA41600850838 /* alamofireTutorial-iOS */,
			);
		};
/* End PBXProject section */

/* Begin PBXResourcesBuildPhase section */
		F85FCA5025CFA41600850838 /* Resources */ = {
			isa = PBXResourcesBuildPhase;
			buildActionMask = 2147483647;
			files = (
				F85FCA6225CFA41600850838 /* LaunchScreen.storyboard in Resources */,
				F85FCA5F25CFA41600850838 /* Assets.xcassets in Resources */,
				F8FBEA4725CFFA3F00FD466D /* CustomCell.xib in Resources */,
				F85FCA5D25CFA41600850838 /* Main.storyboard in Resources */,
			);
			runOnlyForDeploymentPostprocessing = 0;
		};
/* End PBXResourcesBuildPhase section */

/* Begin PBXShellScriptBuildPhase section */
		21DCB0DD0776770886B08361 /* [CP] Embed Pods Frameworks */ = {
			isa = PBXShellScriptBuildPhase;
			buildActionMask = 2147483647;
			files = (
			);
			inputFileListPaths = (
				"${PODS_ROOT}/Target Support Files/Pods-alamofireTutorial-iOS/Pods-alamofireTutorial-iOS-frameworks-${CONFIGURATION}-input-files.xcfilelist",
			);
			name = "[CP] Embed Pods Frameworks";
			outputFileListPaths = (
				"${PODS_ROOT}/Target Support Files/Pods-alamofireTutorial-iOS/Pods-alamofireTutorial-iOS-frameworks-${CONFIGURATION}-output-files.xcfilelist",
			);
			runOnlyForDeploymentPostprocessing = 0;
			shellPath = /bin/sh;
			shellScript = "\"${PODS_ROOT}/Target Support Files/Pods-alamofireTutorial-iOS/Pods-alamofireTutorial-iOS-frameworks.sh\"\n";
			showEnvVarsInLog = 0;
		};
		6212C9098A9B1A7042E17E5F /* [CP] Check Pods Manifest.lock */ = {
			isa = PBXShellScriptBuildPhase;
			buildActionMask = 2147483647;
			files = (
			);
			inputFileListPaths = (
			);
			inputPaths = (
				"${PODS_PODFILE_DIR_PATH}/Podfile.lock",
				"${PODS_ROOT}/Manifest.lock",
			);
			name = "[CP] Check Pods Manifest.lock";
			outputFileListPaths = (
			);
			outputPaths = (
				"$(DERIVED_FILE_DIR)/Pods-alamofireTutorial-iOS-checkManifestLockResult.txt",
			);
			runOnlyForDeploymentPostprocessing = 0;
			shellPath = /bin/sh;
			shellScript = "diff \"${PODS_PODFILE_DIR_PATH}/Podfile.lock\" \"${PODS_ROOT}/Manifest.lock\" > /dev/null\nif [ $? != 0 ] ; then\n    # print error to STDERR\n    echo \"error: The sandbox is not in sync with the Podfile.lock. Run 'pod install' or update your CocoaPods installation.\" >&2\n    exit 1\nfi\n# This output is used by Xcode 'outputs' to avoid re-running this script phase.\necho \"SUCCESS\" > \"${SCRIPT_OUTPUT_FILE_0}\"\n";
			showEnvVarsInLog = 0;
		};
/* End PBXShellScriptBuildPhase section */

/* Begin PBXSourcesBuildPhase section */
		F85FCA4E25CFA41600850838 /* Sources */ = {
			isa = PBXSourcesBuildPhase;
			buildActionMask = 2147483647;
			files = (
				F8FBEA4125CFF2DC00FD466D /* Contact.swift in Sources */,
				F85FCA5A25CFA41600850838 /* ViewController.swift in Sources */,
				F8FBEA4425CFF2E400FD466D /* CustomCell.swift in Sources */,
				F85FCA5625CFA41600850838 /* AppDelegate.swift in Sources */,
				F85FCA5825CFA41600850838 /* SceneDelegate.swift in Sources */,
			);
			runOnlyForDeploymentPostprocessing = 0;
		};
/* End PBXSourcesBuildPhase section */

/* Begin PBXVariantGroup section */
		F85FCA5B25CFA41600850838 /* Main.storyboard */ = {
			isa = PBXVariantGroup;
			children = (
				F85FCA5C25CFA41600850838 /* Base */,
			);
			name = Main.storyboard;
			sourceTree = "<group>";
		};
		F85FCA6025CFA41600850838 /* LaunchScreen.storyboard */ = {
			isa = PBXVariantGroup;
			children = (
				F85FCA6125CFA41600850838 /* Base */,
			);
			name = LaunchScreen.storyboard;
			sourceTree = "<group>";
		};
/* End PBXVariantGroup section */

/* Begin XCBuildConfiguration section */
		F85FCA6425CFA41600850838 /* Debug */ = {
			isa = XCBuildConfiguration;
			buildSettings = {
				ALWAYS_SEARCH_USER_PATHS = NO;
				CLANG_ANALYZER_NONNULL = YES;
				CLANG_ANALYZER_NUMBER_OBJECT_CONVERSION = YES_AGGRESSIVE;
				CLANG_CXX_LANGUAGE_STANDARD = "gnu++14";
				CLANG_CXX_LIBRARY = "libc++";
				CLANG_ENABLE_MODULES = YES;
				CLANG_ENABLE_OBJC_ARC = YES;
				CLANG_ENABLE_OBJC_WEAK = YES;
				CLANG_WARN_BLOCK_CAPTURE_AUTORELEASING = YES;
				CLANG_WARN_BOOL_CONVERSION = YES;
				CLANG_WARN_COMMA = YES;
				CLANG_WARN_CONSTANT_CONVERSION = YES;
				CLANG_WARN_DEPRECATED_OBJC_IMPLEMENTATIONS = YES;
				CLANG_WARN_DIRECT_OBJC_ISA_USAGE = YES_ERROR;
				CLANG_WARN_DOCUMENTATION_COMMENTS = YES;
				CLANG_WARN_EMPTY_BODY = YES;
				CLANG_WARN_ENUM_CONVERSION = YES;
				CLANG_WARN_INFINITE_RECURSION = YES;
				CLANG_WARN_INT_CONVERSION = YES;
				CLANG_WARN_NON_LITERAL_NULL_CONVERSION = YES;
				CLANG_WARN_OBJC_IMPLICIT_RETAIN_SELF = YES;
				CLANG_WARN_OBJC_LITERAL_CONVERSION = YES;
				CLANG_WARN_OBJC_ROOT_CLASS = YES_ERROR;
				CLANG_WARN_QUOTED_INCLUDE_IN_FRAMEWORK_HEADER = YES;
				CLANG_WARN_RANGE_LOOP_ANALYSIS = YES;
				CLANG_WARN_STRICT_PROTOTYPES = YES;
				CLANG_WARN_SUSPICIOUS_MOVE = YES;
				CLANG_WARN_UNGUARDED_AVAILABILITY = YES_AGGRESSIVE;
				CLANG_WARN_UNREACHABLE_CODE = YES;
				CLANG_WARN__DUPLICATE_METHOD_MATCH = YES;
				COPY_PHASE_STRIP = NO;
				DEBUG_INFORMATION_FORMAT = dwarf;
				ENABLE_STRICT_OBJC_MSGSEND = YES;
				ENABLE_TESTABILITY = YES;
				GCC_C_LANGUAGE_STANDARD = gnu11;
				GCC_DYNAMIC_NO_PIC = NO;
				GCC_NO_COMMON_BLOCKS = YES;
				GCC_OPTIMIZATION_LEVEL = 0;
				GCC_PREPROCESSOR_DEFINITIONS = (
					"DEBUG=1",
					"$(inherited)",
				);
				GCC_WARN_64_TO_32_BIT_CONVERSION = YES;
				GCC_WARN_ABOUT_RETURN_TYPE = YES_ERROR;
				GCC_WARN_UNDECLARED_SELECTOR = YES;
				GCC_WARN_UNINITIALIZED_AUTOS = YES_AGGRESSIVE;
				GCC_WARN_UNUSED_FUNCTION = YES;
				GCC_WARN_UNUSED_VARIABLE = YES;
				IPHONEOS_DEPLOYMENT_TARGET = 14.4;
				MTL_ENABLE_DEBUG_INFO = INCLUDE_SOURCE;
				MTL_FAST_MATH = YES;
				ONLY_ACTIVE_ARCH = YES;
				SDKROOT = iphoneos;
				SWIFT_ACTIVE_COMPILATION_CONDITIONS = DEBUG;
				SWIFT_OPTIMIZATION_LEVEL = "-Onone";
			};
			name = Debug;
		};
		F85FCA6525CFA41600850838 /* Release */ = {
			isa = XCBuildConfiguration;
			buildSettings = {
				ALWAYS_SEARCH_USER_PATHS = NO;
				CLANG_ANALYZER_NONNULL = YES;
				CLANG_ANALYZER_NUMBER_OBJECT_CONVERSION = YES_AGGRESSIVE;
				CLANG_CXX_LANGUAGE_STANDARD = "gnu++14";
				CLANG_CXX_LIBRARY = "libc++";
				CLANG_ENABLE_MODULES = YES;
				CLANG_ENABLE_OBJC_ARC = YES;
				CLANG_ENABLE_OBJC_WEAK = YES;
				CLANG_WARN_BLOCK_CAPTURE_AUTORELEASING = YES;
				CLANG_WARN_BOOL_CONVERSION = YES;
				CLANG_WARN_COMMA = YES;
				CLANG_WARN_CONSTANT_CONVERSION = YES;
				CLANG_WARN_DEPRECATED_OBJC_IMPLEMENTATIONS = YES;
				CLANG_WARN_DIRECT_OBJC_ISA_USAGE = YES_ERROR;
				CLANG_WARN_DOCUMENTATION_COMMENTS = YES;
				CLANG_WARN_EMPTY_BODY = YES;
				CLANG_WARN_ENUM_CONVERSION = YES;
				CLANG_WARN_INFINITE_RECURSION = YES;
				CLANG_WARN_INT_CONVERSION = YES;
				CLANG_WARN_NON_LITERAL_NULL_CONVERSION = YES;
				CLANG_WARN_OBJC_IMPLICIT_RETAIN_SELF = YES;
				CLANG_WARN_OBJC_LITERAL_CONVERSION = YES;
				CLANG_WARN_OBJC_ROOT_CLASS = YES_ERROR;
				CLANG_WARN_QUOTED_INCLUDE_IN_FRAMEWORK_HEADER = YES;
				CLANG_WARN_RANGE_LOOP_ANALYSIS = YES;
				CLANG_WARN_STRICT_PROTOTYPES = YES;
				CLANG_WARN_SUSPICIOUS_MOVE = YES;
				CLANG_WARN_UNGUARDED_AVAILABILITY = YES_AGGRESSIVE;
				CLANG_WARN_UNREACHABLE_CODE = YES;
				CLANG_WARN__DUPLICATE_METHOD_MATCH = YES;
				COPY_PHASE_STRIP = NO;
				DEBUG_INFORMATION_FORMAT = "dwarf-with-dsym";
				ENABLE_NS_ASSERTIONS = NO;
				ENABLE_STRICT_OBJC_MSGSEND = YES;
				GCC_C_LANGUAGE_STANDARD = gnu11;
				GCC_NO_COMMON_BLOCKS = YES;
				GCC_WARN_64_TO_32_BIT_CONVERSION = YES;
				GCC_WARN_ABOUT_RETURN_TYPE = YES_ERROR;
				GCC_WARN_UNDECLARED_SELECTOR = YES;
				GCC_WARN_UNINITIALIZED_AUTOS = YES_AGGRESSIVE;
				GCC_WARN_UNUSED_FUNCTION = YES;
				GCC_WARN_UNUSED_VARIABLE = YES;
				IPHONEOS_DEPLOYMENT_TARGET = 14.4;
				MTL_ENABLE_DEBUG_INFO = NO;
				MTL_FAST_MATH = YES;
				SDKROOT = iphoneos;
				SWIFT_COMPILATION_MODE = wholemodule;
				SWIFT_OPTIMIZATION_LEVEL = "-O";
				VALIDATE_PRODUCT = YES;
			};
			name = Release;
		};
		F85FCA6725CFA41600850838 /* Debug */ = {
			isa = XCBuildConfiguration;
			baseConfigurationReference = A84AF109E88D2A69D9C61F0B /* Pods-alamofireTutorial-iOS.debug.xcconfig */;
			buildSettings = {
				ASSETCATALOG_COMPILER_APPICON_NAME = AppIcon;
				ASSETCATALOG_COMPILER_GLOBAL_ACCENT_COLOR_NAME = AccentColor;
				CODE_SIGN_STYLE = Automatic;
				DEVELOPMENT_TEAM = T8C9SSEX5G;
				INFOPLIST_FILE = "alamofireTutorial-iOS/Info.plist";
				LD_RUNPATH_SEARCH_PATHS = (
					"$(inherited)",
					"@executable_path/Frameworks",
				);
				PRODUCT_BUNDLE_IDENTIFIER = "hyun99999.alamofireTutorial-iOS";
				PRODUCT_NAME = "$(TARGET_NAME)";
				SWIFT_VERSION = 5.0;
				TARGETED_DEVICE_FAMILY = "1,2";
			};
			name = Debug;
		};
		F85FCA6825CFA41600850838 /* Release */ = {
			isa = XCBuildConfiguration;
			baseConfigurationReference = 264DAE4336B9C5AF094E2B41 /* Pods-alamofireTutorial-iOS.release.xcconfig */;
			buildSettings = {
				ASSETCATALOG_COMPILER_APPICON_NAME = AppIcon;
				ASSETCATALOG_COMPILER_GLOBAL_ACCENT_COLOR_NAME = AccentColor;
				CODE_SIGN_STYLE = Automatic;
				DEVELOPMENT_TEAM = T8C9SSEX5G;
				INFOPLIST_FILE = "alamofireTutorial-iOS/Info.plist";
				LD_RUNPATH_SEARCH_PATHS = (
					"$(inherited)",
					"@executable_path/Frameworks",
				);
				PRODUCT_BUNDLE_IDENTIFIER = "hyun99999.alamofireTutorial-iOS";
				PRODUCT_NAME = "$(TARGET_NAME)";
				SWIFT_VERSION = 5.0;
				TARGETED_DEVICE_FAMILY = "1,2";
			};
			name = Release;
		};
/* End XCBuildConfiguration section */

/* Begin XCConfigurationList section */
		F85FCA4D25CFA41600850838 /* Build configuration list for PBXProject "alamofireTutorial-iOS" */ = {
			isa = XCConfigurationList;
			buildConfigurations = (
				F85FCA6425CFA41600850838 /* Debug */,
				F85FCA6525CFA41600850838 /* Release */,
			);
			defaultConfigurationIsVisible = 0;
			defaultConfigurationName = Release;
		};
		F85FCA6625CFA41600850838 /* Build configuration list for PBXNativeTarget "alamofireTutorial-iOS" */ = {
			isa = XCConfigurationList;
			buildConfigurations = (
				F85FCA6725CFA41600850838 /* Debug */,
				F85FCA6825CFA41600850838 /* Release */,
			);
			defaultConfigurationIsVisible = 0;
			defaultConfigurationName = Release;
		};
/* End XCConfigurationList section */
	};
	rootObject = F85FCA4A25CFA41600850838 /* Project object */;
}
